schema: '2.0'
stages:
  prepare_base_model:
    cmd: python src/MediLeaf_AI/pipeline/stage_02_prepare_base_model.py
    deps:
    - path: config/config.yaml
      hash: md5
      md5: 6ec67980396f14bba2de0b7c2490b99a
      size: 911
    - path: src/MediLeaf_AI/components/prepare_base_model.py
      hash: md5
      md5: 2be8b4dd8e767539762b53c295230bc9
      size: 2724
    - path: src/MediLeaf_AI/pipeline/stage_02_prepare_base_model.py
      hash: md5
      md5: 782576ced72c0cf824e513232813ed4a
      size: 984
    params:
      params.yaml:
        CLASSES: 30
        IMAGE_SIZE:
        - 224
        - 224
        - 3
        INCLUDE_TOP: false
        LEARNING_RATE: 0.001
        MIN_DELTA: 1e-05
        MODE: auto
        MONITOR: val_loss
        PATIENCE: 20
        PRE_TRAINED_MODEL: MobileNetV2
        RESTORE_BEST_WEIGHTS: false
        WEIGHTS: imagenet
    outs:
    - path: artifacts/prepare_base_model
      hash: md5
      md5: da6967f72def088a6d5dad53fea3f4f1.dir
      size: 25152523
      nfiles: 10
  data_ingestion:
    cmd: python src/MediLeaf_AI/pipeline/stage_01_data_ingestion.py
    deps:
    - path: config/config.yaml
      hash: md5
      md5: 6ec67980396f14bba2de0b7c2490b99a
      size: 911
    - path: src/MediLeaf_AI/pipeline/stage_01_data_ingestion.py
      hash: md5
      md5: 579a0fd9d20cd6fae29185b55f8c6e68
      size: 901
    outs:
    - path: artifacts/data_ingestion/dataset_v2
      hash: md5
      md5: 5879b28c449c9fbd6216a72a13eac6c3.dir
      size: 694658702
      nfiles: 3665
  training:
    cmd: python src/MediLeaf_AI/pipeline/stage_03_training.py
    deps:
    - path: artifacts/data_ingestion/dataset_v2
      hash: md5
      md5: 5879b28c449c9fbd6216a72a13eac6c3.dir
      size: 694658702
      nfiles: 3665
    - path: artifacts/prepare_base_model
      hash: md5
      md5: da6967f72def088a6d5dad53fea3f4f1.dir
      size: 25152523
      nfiles: 10
    - path: config/config.yaml
      hash: md5
      md5: 6ec67980396f14bba2de0b7c2490b99a
      size: 911
    - path: src/MediLeaf_AI/components/prepare_callbacks.py
      hash: md5
      md5: b5df9bef8754275b8400292eaf3b43b6
      size: 2354
    - path: src/MediLeaf_AI/pipeline/stage_03_training.py
      hash: md5
      md5: 7f11fdd6797b5d835f40b5e8df39caed
      size: 1505
    params:
      params.yaml:
        AUGMENTATION: true
        BATCH_SIZE: 16
        EPOCHS: 1
        IMAGE_SIZE:
        - 224
        - 224
        - 3
        PRE_TRAINED_MODEL: MobileNetV2
    outs:
    - path: artifacts/training/models/MobileNetV2
      hash: md5
      md5: 4b4d1fcf765d08c623513f803223ae43.dir
      size: 13004164
      nfiles: 5
    - path: training_scores.json
      hash: md5
      md5: e36c07729b27ba0645bf9a880cf92b4d
      size: 257
  evaluation:
    cmd: python src/MediLeaf_AI/pipeline/stage_04_evaluation.py
    deps:
    - path: artifacts/data_ingestion/dataset_v2
      hash: md5
      md5: 5879b28c449c9fbd6216a72a13eac6c3.dir
      size: 694658702
      nfiles: 3665
    - path: artifacts/training/models/MobileNetV2
      hash: md5
      md5: 4b4d1fcf765d08c623513f803223ae43.dir
      size: 13004164
      nfiles: 5
    - path: config/config.yaml
      hash: md5
      md5: 6ec67980396f14bba2de0b7c2490b99a
      size: 911
    - path: src/MediLeaf_AI/pipeline/stage_04_evaluation.py
      hash: md5
      md5: 0cfb35388e9f46d256d90ec582f96986
      size: 1004
    params:
      params.yaml:
        BATCH_SIZE: 16
        IMAGE_SIZE:
        - 224
        - 224
        - 3
        PRE_TRAINED_MODEL: MobileNetV2
    outs:
    - path: evaluation_scores.json
      hash: md5
      md5: 98b1d8838bb445df6719f1c8cd953429
      size: 258
